
Microsoft Visual Studio Solution File, Format Version 12.00
# Visual Studio Version 17
VisualStudioVersion = 17.2.32505.173
MinimumVisualStudioVersion = 10.0.40219.1
Project("{FAE04EC0-301F-11D3-BF4B-00C04F79EFBC}") = "CleanMovie.Domain", "CleanMovie.Domain.csproj", "{B90ED5FD-1FB3-4BFB-92E5-3B86383657E1}"
EndProject
Project("{FAE04EC0-301F-11D3-BF4B-00C04F79EFBC}") = "CleanMovie.Application", "..\CleanMovie.Application\CleanMovie.Application.csproj", "{9F11A2F3-442E-42AD-8844-F3E36ECFF4D4}"
EndProject
Project("{FAE04EC0-301F-11D3-BF4B-00C04F79EFBC}") = "CleanMovie.Infrastructure", "..\CleanMovie.Infrastructure\CleanMovie.Infrastructure.csproj", "{656AF1CA-8AE6-4224-B6BF-D770269B5E9F}"
EndProject
Project("{FAE04EC0-301F-11D3-BF4B-00C04F79EFBC}") = "CleanMovie.API", "..\CleanMovie.API\CleanMovie.API.csproj", "{19793CB3-1464-4A51-BD4A-E43F064959BA}"
EndProject
Global
	GlobalSection(SolutionConfigurationPlatforms) = preSolution
		Debug|Any CPU = Debug|Any CPU
		Release|Any CPU = Release|Any CPU
	EndGlobalSection
	GlobalSection(ProjectConfigurationPlatforms) = postSolution
		{B90ED5FD-1FB3-4BFB-92E5-3B86383657E1}.Debug|Any CPU.ActiveCfg = Debug|Any CPU
		{B90ED5FD-1FB3-4BFB-92E5-3B86383657E1}.Debug|Any CPU.Build.0 = Debug|Any CPU
		{B90ED5FD-1FB3-4BFB-92E5-3B86383657E1}.Release|Any CPU.ActiveCfg = Release|Any CPU
		{B90ED5FD-1FB3-4BFB-92E5-3B86383657E1}.Release|Any CPU.Build.0 = Release|Any CPU
		{9F11A2F3-442E-42AD-8844-F3E36ECFF4D4}.Debug|Any CPU.ActiveCfg = Debug|Any CPU
		{9F11A2F3-442E-42AD-8844-F3E36ECFF4D4}.Debug|Any CPU.Build.0 = Debug|Any CPU
		{9F11A2F3-442E-42AD-8844-F3E36ECFF4D4}.Release|Any CPU.ActiveCfg = Release|Any CPU
		{9F11A2F3-442E-42AD-8844-F3E36ECFF4D4}.Release|Any CPU.Build.0 = Release|Any CPU
		{656AF1CA-8AE6-4224-B6BF-D770269B5E9F}.Debug|Any CPU.ActiveCfg = Debug|Any CPU
		{656AF1CA-8AE6-4224-B6BF-D770269B5E9F}.Debug|Any CPU.Build.0 = Debug|Any CPU
		{656AF1CA-8AE6-4224-B6BF-D770269B5E9F}.Release|Any CPU.ActiveCfg = Release|Any CPU
		{656AF1CA-8AE6-4224-B6BF-D770269B5E9F}.Release|Any CPU.Build.0 = Release|Any CPU
		{19793CB3-1464-4A51-BD4A-E43F064959BA}.Debug|Any CPU.ActiveCfg = Debug|Any CPU
		{19793CB3-1464-4A51-BD4A-E43F064959BA}.Debug|Any CPU.Build.0 = Debug|Any CPU
		{19793CB3-1464-4A51-BD4A-E43F064959BA}.Release|Any CPU.ActiveCfg = Release|Any CPU
		{19793CB3-1464-4A51-BD4A-E43F064959BA}.Release|Any CPU.Build.0 = Release|Any CPU
	EndGlobalSection
	GlobalSection(SolutionProperties) = preSolution
		HideSolutionNode = FALSE
	EndGlobalSection
	GlobalSection(ExtensibilityGlobals) = postSolution
		SolutionGuid = {05FAF0BA-8F2A-49E2-BDA1-24D9DE53A6E9}
	EndGlobalSection
EndGlobal
